<?xml version="1.0" encoding="utf-8"?>
<Project ToolsVersion="4.0" xmlns="http://schemas.microsoft.com/developer/msbuild/2003">
  <ItemGroup>
    <Filter Include="Source Files">
      <UniqueIdentifier>{4FC737F1-C7A5-4376-A066-2A32D752A2FF}</UniqueIdentifier>
      <Extensions>cpp;c;cc;cxx;c++;cppm;ixx;def;odl;idl;hpj;bat;asm;asmx</Extensions>
    </Filter>
    <Filter Include="Header Files">
      <UniqueIdentifier>{93995380-89BD-4b04-88EB-625FBE52EBFB}</UniqueIdentifier>
      <Extensions>h;hh;hpp;hxx;h++;hm;inl;inc;ipp;xsd</Extensions>
    </Filter>
    <Filter Include="Resource Files">
      <UniqueIdentifier>{67DA6AB6-F800-4c08-8B7A-83BB121AAD01}</UniqueIdentifier>
      <Extensions>rc;ico;cur;bmp;dlg;rc2;rct;bin;rgs;gif;jpg;jpeg;jpe;resx;tiff;tif;png;wav;mfcribbon-ms</Extensions>
    </Filter>
    <Filter Include="Shaders">
      <UniqueIdentifier>{436dbf2c-9a3b-4eb7-99c4-f5f36f49717b}</UniqueIdentifier>
    </Filter>
    <Filter Include="OpenCL Files">
      <UniqueIdentifier>{6baa69da-0105-444a-97b9-dea44aefb7e1}</UniqueIdentifier>
    </Filter>
    <Filter Include="Source Files\Ui">
      <UniqueIdentifier>{d827733c-7bd3-4361-bd8d-7c7416c329de}</UniqueIdentifier>
    </Filter>
    <Filter Include="Source Files\OpenCL">
      <UniqueIdentifier>{a18637bd-4e01-4483-8e4e-781e3e58beab}</UniqueIdentifier>
    </Filter>
    <Filter Include="Header Files\Ui">
      <UniqueIdentifier>{f1c96e46-9fe7-4e73-bdfd-c7cf994d2d03}</UniqueIdentifier>
    </Filter>
    <Filter Include="Header Files\OpenCL">
      <UniqueIdentifier>{7989d382-08da-412c-8e07-cadc295b7acf}</UniqueIdentifier>
    </Filter>
    <Filter Include="OpenCL Files\formulas">
      <UniqueIdentifier>{ef64d299-cbbe-475d-8826-8db9330a4baf}</UniqueIdentifier>
    </Filter>
    <Filter Include="OpenCL Files\coloring">
      <UniqueIdentifier>{c3f201cc-99d0-4209-ba7d-85a08ee79a4d}</UniqueIdentifier>
    </Filter>
  </ItemGroup>
  <ItemGroup>
    <ClInclude Include="imconfig.h">
      <Filter>Header Files</Filter>
    </ClInclude>
    <ClInclude Include="load_shaders.h">
      <Filter>Header Files</Filter>
    </ClInclude>
    <ClInclude Include="glewGuard.h">
      <Filter>Header Files</Filter>
    </ClInclude>
    <ClInclude Include="parameterMaps.h">
      <Filter>Header Files</Filter>
    </ClInclude>
    <ClInclude Include="gradient.h">
      <Filter>Header Files</Filter>
    </ClInclude>
    <ClInclude Include="color.h">
      <Filter>Header Files</Filter>
    </ClInclude>
    <ClInclude Include="cl_handler.h">
      <Filter>Header Files\OpenCL</Filter>
    </ClInclude>
    <ClInclude Include="display.h">
      <Filter>Header Files\Ui</Filter>
    </ClInclude>
    <ClInclude Include="formulaSettings.h">
      <Filter>Header Files\Ui</Filter>
    </ClInclude>
    <ClInclude Include="imageSettings.h">
      <Filter>Header Files\Ui</Filter>
    </ClInclude>
    <ClInclude Include="flameRenderSettings.h">
      <Filter>Header Files\Ui</Filter>
    </ClInclude>
    <ClInclude Include="imgExport.h">
      <Filter>Header Files\Ui</Filter>
    </ClInclude>
    <ClInclude Include="cl_fractal.h">
      <Filter>Header Files</Filter>
    </ClInclude>
    <ClInclude Include="cubic_spline.h">
      <Filter>Header Files</Filter>
    </ClInclude>
    <ClInclude Include="complex_number.h">
      <Filter>Header Files</Filter>
    </ClInclude>
    <ClInclude Include="fractal_navigation.h">
      <Filter>Header Files</Filter>
    </ClInclude>
    <ClInclude Include="selectFile.h">
      <Filter>Header Files\Ui</Filter>
    </ClInclude>
    <ClInclude Include="cl_error_handling.h">
      <Filter>Header Files\OpenCL</Filter>
    </ClInclude>
    <ClInclude Include="cl_error_window.h">
      <Filter>Header Files\Ui</Filter>
    </ClInclude>
    <ClInclude Include="json.hpp">
      <Filter>Header Files</Filter>
    </ClInclude>
    <ClInclude Include="fileOperations.h">
      <Filter>Header Files</Filter>
    </ClInclude>
    <ClInclude Include="history.h">
      <Filter>Header Files</Filter>
    </ClInclude>
    <ClInclude Include="gradientWindow.h">
      <Filter>Header Files\Ui</Filter>
    </ClInclude>
    <ClInclude Include="clipboard.h">
      <Filter>Header Files</Filter>
    </ClInclude>
  </ItemGroup>
  <ItemGroup>
    <ClCompile Include="main.cpp">
      <Filter>Source Files</Filter>
    </ClCompile>
    <ClCompile Include="load_shaders.cpp">
      <Filter>Source Files</Filter>
    </ClCompile>
    <ClCompile Include="gradient.cpp">
      <Filter>Source Files</Filter>
    </ClCompile>
    <ClCompile Include="color.cpp">
      <Filter>Source Files</Filter>
    </ClCompile>
    <ClCompile Include="sampling.cpp">
      <Filter>Source Files</Filter>
    </ClCompile>
    <ClCompile Include="cl_core.cpp">
      <Filter>Source Files\OpenCL</Filter>
    </ClCompile>
    <ClCompile Include="cl_handler.cpp">
      <Filter>Source Files\OpenCL</Filter>
    </ClCompile>
    <ClCompile Include="formulaSettings.cpp">
      <Filter>Source Files\Ui</Filter>
    </ClCompile>
    <ClCompile Include="display.cpp">
      <Filter>Source Files\Ui</Filter>
    </ClCompile>
    <ClCompile Include="cl_core.h">
      <Filter>Header Files\OpenCL</Filter>
    </ClCompile>
    <ClCompile Include="imageSettings.cpp">
      <Filter>Source Files\Ui</Filter>
    </ClCompile>
    <ClCompile Include="flameRenderSettings.cpp">
      <Filter>Source Files\Ui</Filter>
    </ClCompile>
    <ClCompile Include="info.h">
      <Filter>Header Files\Ui</Filter>
    </ClCompile>
    <ClCompile Include="info.cpp">
      <Filter>Source Files\Ui</Filter>
    </ClCompile>
    <ClCompile Include="cubic_spline.cpp">
      <Filter>Source Files</Filter>
    </ClCompile>
    <ClCompile Include="test_gradients.h">
      <Filter>Header Files</Filter>
    </ClCompile>
    <ClCompile Include="test_gradients.cpp">
      <Filter>Source Files</Filter>
    </ClCompile>
    <ClCompile Include="fractal_navigation.cpp">
      <Filter>Source Files</Filter>
    </ClCompile>
    <ClCompile Include="selectFile.cpp">
      <Filter>Source Files\Ui</Filter>
    </ClCompile>
    <ClCompile Include="cl_fractal.cpp">
      <Filter>Source Files</Filter>
    </ClCompile>
    <ClCompile Include="cl_erro_handling.cpp">
      <Filter>Source Files\OpenCL</Filter>
    </ClCompile>
    <ClCompile Include="cl_error_window.cpp">
      <Filter>Source Files\Ui</Filter>
    </ClCompile>
    <ClCompile Include="fileOperations.cpp">
      <Filter>Source Files</Filter>
    </ClCompile>
    <ClCompile Include="hiostry.cpp">
      <Filter>Source Files</Filter>
    </ClCompile>
    <ClCompile Include="gradientWindow.cpp">
      <Filter>Source Files\Ui</Filter>
    </ClCompile>
    <ClCompile Include="clipboard.cpp">
      <Filter>Source Files</Filter>
    </ClCompile>
  </ItemGroup>
  <ItemGroup>
    <None Include="vertex_shader.glsl">
      <Filter>Shaders</Filter>
    </None>
    <None Include="fragment_shader.glsl">
      <Filter>Shaders</Filter>
    </None>
    <None Include="clFragments\anti_aliasing.cl">
      <Filter>OpenCL Files</Filter>
    </None>
    <None Include="clFragments\full_template.cl">
      <Filter>OpenCL Files</Filter>
    </None>
    <None Include="clFragments\colors.cl">
      <Filter>OpenCL Files</Filter>
    </None>
    <None Include="clFragments\fractalFormulas\mandelbrot.cl">
      <Filter>OpenCL Files\formulas</Filter>
    </None>
    <None Include="clFragments\fractalFormulas\gnarl.cl">
      <Filter>OpenCL Files\formulas</Filter>
    </None>
    <None Include="clFragments\fractalFormulas\gnarl_with_MB.cl">
      <Filter>OpenCL Files\formulas</Filter>
    </None>
    <None Include="clFragments\coloringAlgorithms\by_iteration.cl">
      <Filter>OpenCL Files\coloring</Filter>
    </None>
    <None Include="clFragments\coloringAlgorithms\debug_gradient.cl">
      <Filter>OpenCL Files\coloring</Filter>
    </None>
    <None Include="clFragments\coloringAlgorithms\dist.cl">
      <Filter>OpenCL Files\coloring</Filter>
    </None>
    <None Include="clFragments\fractalFormulas\buddhabrot.cl">
      <Filter>OpenCL Files\formulas</Filter>
    </None>
    <None Include="clFragments\coloringAlgorithms\buddha.cl">
      <Filter>OpenCL Files\coloring</Filter>
    </None>
    <None Include="clFragments\fractalFormulas\gnarlRK4.cl">
      <Filter>OpenCL Files\formulas</Filter>
    </None>
    <None Include="clFragments\fractalFormulas\gnarl2.cl">
      <Filter>OpenCL Files\formulas</Filter>
    </None>
    <None Include="clFragments\imgKernel.cl">
      <Filter>OpenCL Files</Filter>
    </None>
    <None Include="clFragments\fractalFormulas\manowar.cl" />
    <None Include="clFragments\coloringAlgorithms\abs.cl">
      <Filter>OpenCL Files\coloring</Filter>
    </None>
    <None Include="clFragments\complex.cl">
      <Filter>OpenCL Files</Filter>
    </None>
    <None Include="clFragments\fractalFormulas\tricorn.cl">
      <Filter>OpenCL Files\formulas</Filter>
    </None>
    <None Include="clFragments\fractalFormulas\julia.cl">
      <Filter>OpenCL Files\formulas</Filter>
    </None>
    <None Include="clFragments\fractalFormulas\burningship.cl">
      <Filter>OpenCL Files\formulas</Filter>
    </None>
    <None Include="clFragments\fractalFormulas\coupling_loops.cl">
      <Filter>OpenCL Files\formulas</Filter>
    </None>
    <None Include="clFragments\fractalFormulas\coupling_loops2.cl">
      <Filter>OpenCL Files\formulas</Filter>
    </None>
    <None Include="clFragments\fractalFormulas\double_gnarl.cl">
      <Filter>OpenCL Files\formulas</Filter>
    </None>
    <None Include="clFragments\fractalFormulas\expmbhybrid.cl">
      <Filter>OpenCL Files\formulas</Filter>
    </None>
    <None Include="clFragments\fractalFormulas\four_gnarls.cl">
      <Filter>OpenCL Files\formulas</Filter>
    </None>
    <None Include="clFragments\fractalFormulas\mandala.cl">
      <Filter>OpenCL Files\formulas</Filter>
    </None>
    <None Include="clFragments\fractalFormulas\mandelbrot2iters.cl">
      <Filter>OpenCL Files\formulas</Filter>
    </None>
    <None Include="clFragments\fractalFormulas\mandeljulia.cl">
      <Filter>OpenCL Files\formulas</Filter>
    </None>
    <None Include="clFragments\fractalFormulas\manowarB.cl">
      <Filter>OpenCL Files\formulas</Filter>
    </None>
    <None Include="clFragments\fractalFormulas\simonbrot.cl">
      <Filter>OpenCL Files\formulas</Filter>
    </None>
    <None Include="clFragments\fractalFormulas\perpendicular.cl">
      <Filter>OpenCL Files\formulas</Filter>
    </None>
    <None Include="clFragments\fractalFormulas\celtic_mb.cl">
      <Filter>OpenCL Files\formulas</Filter>
    </None>
    <None Include="clFragments\fractalFormulas\heart_mb.cl">
      <Filter>OpenCL Files\formulas</Filter>
    </None>
    <None Include="clFragments\diag_AA.cl">
      <Filter>OpenCL Files</Filter>
    </None>
    <None Include="clFragments\diag_AA_col.cl">
      <Filter>OpenCL Files</Filter>
    </None>
    <None Include="clFragments\fractalFormulas\error.cl">
      <Filter>OpenCL Files\formulas</Filter>
    </None>
    <None Include="clFragments\coloringAlgorithms\gaussian_integer.cl">
      <Filter>OpenCL Files\coloring</Filter>
    </None>
  </ItemGroup>
  <ItemGroup>
    <Text Include="clFragments\coloringAlgorithms\smoothMandelbroth.cl">
      <Filter>OpenCL Files\coloring</Filter>
    </Text>
  </ItemGroup>
</Project>